
Microsoft Visual Studio Solution File, Format Version 12.00
# Visual Studio Version 17
VisualStudioVersion = 17.3.32929.385
MinimumVisualStudioVersion = 10.0.40219.1
Project("{FAE04EC0-301F-11D3-BF4B-00C04F79EFBC}") = "KillSmokeConsoleaApp", "KillSmokeConsoleaApp\KillSmokeConsoleaApp.csproj", "{07AE76EF-9A24-4D90-8342-C1AE1D0DF236}"
EndProject
Global
	GlobalSection(SolutionConfigurationPlatforms) = preSolution
		Debug|Any CPU = Debug|Any CPU
		Release|Any CPU = Release|Any CPU
	EndGlobalSection
	GlobalSection(ProjectConfigurationPlatforms) = postSolution
		{07AE76EF-9A24-4D90-8342-C1AE1D0DF236}.Debug|Any CPU.ActiveCfg = Debug|Any CPU
		{07AE76EF-9A24-4D90-8342-C1AE1D0DF236}.Debug|Any CPU.Build.0 = Debug|Any CPU
		{07AE76EF-9A24-4D90-8342-C1AE1D0DF236}.Release|Any CPU.ActiveCfg = Release|Any CPU
		{07AE76EF-9A24-4D90-8342-C1AE1D0DF236}.Release|Any CPU.Build.0 = Release|Any CPU
	EndGlobalSection
	GlobalSection(SolutionProperties) = preSolution
		HideSolutionNode = FALSE
	EndGlobalSection
	GlobalSection(ExtensibilityGlobals) = postSolution
		SolutionGuid = {520B9B97-8C4A-468D-9CAB-DAEC1AF6DE48}
	EndGlobalSection
EndGlobal
